
Microsoft Visual Studio Solution File, Format Version 12.00
# Visual Studio 15
VisualStudioVersion = 15.0.27703.2047
MinimumVisualStudioVersion = 10.0.40219.1
Project("{888888A0-9F3D-457C-B088-3A5042F75D52}") = "preEx_DS01", "preEx_DS01\preEx_DS01.pyproj", "{20485C3B-1895-4910-8295-8C1A3BC4CA5F}"
EndProject
Global
	GlobalSection(SolutionConfigurationPlatforms) = preSolution
		Debug|Any CPU = Debug|Any CPU
		Release|Any CPU = Release|Any CPU
	EndGlobalSection
	GlobalSection(ProjectConfigurationPlatforms) = postSolution
		{20485C3B-1895-4910-8295-8C1A3BC4CA5F}.Debug|Any CPU.ActiveCfg = Debug|Any CPU
		{20485C3B-1895-4910-8295-8C1A3BC4CA5F}.Release|Any CPU.ActiveCfg = Release|Any CPU
	EndGlobalSection
	GlobalSection(SolutionProperties) = preSolution
		HideSolutionNode = FALSE
	EndGlobalSection
	GlobalSection(ExtensibilityGlobals) = postSolution
		SolutionGuid = {7B97CAE7-1971-471B-A51C-4BF198032810}
	EndGlobalSection
EndGlobal
